// !$*UTF8*$!
{
	archiveVersion = 1;
	classes = {
	};
	objectVersion = 56;
	objects = {

/* Begin PBXBuildFile section */
		11C59A942A451E5500F97414 /* AppDelegate.swift in Sources */ = {isa = PBXBuildFile; fileRef = 11C59A932A451E5500F97414 /* AppDelegate.swift */; };
		11C59A962A451E5500F97414 /* SceneDelegate.swift in Sources */ = {isa = PBXBuildFile; fileRef = 11C59A952A451E5500F97414 /* SceneDelegate.swift */; };
		11C59A982A451E5500F97414 /* ViewController.swift in Sources */ = {isa = PBXBuildFile; fileRef = 11C59A972A451E5500F97414 /* ViewController.swift */; };
		11C59A9B2A451E5500F97414 /* Main.storyboard in Resources */ = {isa = PBXBuildFile; fileRef = 11C59A992A451E5500F97414 /* Main.storyboard */; };
		11C59A9D2A451E5700F97414 /* Assets.xcassets in Resources */ = {isa = PBXBuildFile; fileRef = 11C59A9C2A451E5700F97414 /* Assets.xcassets */; };
		11C59AA02A451E5700F97414 /* LaunchScreen.storyboard in Resources */ = {isa = PBXBuildFile; fileRef = 11C59A9E2A451E5700F97414 /* LaunchScreen.storyboard */; };
		11C59AA92A45459800F97414 /* ResultListTableViewCell.swift in Sources */ = {isa = PBXBuildFile; fileRef = 11C59AA72A45459800F97414 /* ResultListTableViewCell.swift */; };
		11C59AAA2A45459800F97414 /* ResultListTableViewCell.xib in Resources */ = {isa = PBXBuildFile; fileRef = 11C59AA82A45459800F97414 /* ResultListTableViewCell.xib */; };
		6CCF9CCC2F548189FBFAD56B /* Pods_OriginApp.framework in Frameworks */ = {isa = PBXBuildFile; fileRef = 0FB7C6F2597B5C56F380E129 /* Pods_OriginApp.framework */; };
/* End PBXBuildFile section */

/* Begin PBXFileReference section */
		0FB7C6F2597B5C56F380E129 /* Pods_OriginApp.framework */ = {isa = PBXFileReference; explicitFileType = wrapper.framework; includeInIndex = 0; path = Pods_OriginApp.framework; sourceTree = BUILT_PRODUCTS_DIR; };
		11C59A902A451E5500F97414 /* OriginApp.app */ = {isa = PBXFileReference; explicitFileType = wrapper.application; includeInIndex = 0; path = OriginApp.app; sourceTree = BUILT_PRODUCTS_DIR; };
		11C59A932A451E5500F97414 /* AppDelegate.swift */ = {isa = PBXFileReference; lastKnownFileType = sourcecode.swift; path = AppDelegate.swift; sourceTree = "<group>"; };
		11C59A952A451E5500F97414 /* SceneDelegate.swift */ = {isa = PBXFileReference; lastKnownFileType = sourcecode.swift; path = SceneDelegate.swift; sourceTree = "<group>"; };
		11C59A972A451E5500F97414 /* ViewController.swift */ = {isa = PBXFileReference; lastKnownFileType = sourcecode.swift; path = ViewController.swift; sourceTree = "<group>"; };
		11C59A9A2A451E5500F97414 /* Base */ = {isa = PBXFileReference; lastKnownFileType = file.storyboard; name = Base; path = Base.lproj/Main.storyboard; sourceTree = "<group>"; };
		11C59A9C2A451E5700F97414 /* Assets.xcassets */ = {isa = PBXFileReference; lastKnownFileType = folder.assetcatalog; path = Assets.xcassets; sourceTree = "<group>"; };
		11C59A9F2A451E5700F97414 /* Base */ = {isa = PBXFileReference; lastKnownFileType = file.storyboard; name = Base; path = Base.lproj/LaunchScreen.storyboard; sourceTree = "<group>"; };
		11C59AA12A451E5700F97414 /* Info.plist */ = {isa = PBXFileReference; lastKnownFileType = text.plist.xml; path = Info.plist; sourceTree = "<group>"; };
		11C59AA72A45459800F97414 /* ResultListTableViewCell.swift */ = {isa = PBXFileReference; lastKnownFileType = sourcecode.swift; path = ResultListTableViewCell.swift; sourceTree = "<group>"; };
		11C59AA82A45459800F97414 /* ResultListTableViewCell.xib */ = {isa = PBXFileReference; lastKnownFileType = file.xib; path = ResultListTableViewCell.xib; sourceTree = "<group>"; };
		7B039A2DB69423166A44D82F /* Pods-OriginApp.release.xcconfig */ = {isa = PBXFileReference; includeInIndex = 1; lastKnownFileType = text.xcconfig; name = "Pods-OriginApp.release.xcconfig"; path = "Target Support Files/Pods-OriginApp/Pods-OriginApp.release.xcconfig"; sourceTree = "<group>"; };
		A6B5F78D4A53408CB48EB2D4 /* Pods-OriginApp.debug.xcconfig */ = {isa = PBXFileReference; includeInIndex = 1; lastKnownFileType = text.xcconfig; name = "Pods-OriginApp.debug.xcconfig"; path = "Target Support Files/Pods-OriginApp/Pods-OriginApp.debug.xcconfig"; sourceTree = "<group>"; };
/* End PBXFileReference section */

/* Begin PBXFrameworksBuildPhase section */
		11C59A8D2A451E5500F97414 /* Frameworks */ = {
			isa = PBXFrameworksBuildPhase;
			buildActionMask = 2147483647;
			files = (
				6CCF9CCC2F548189FBFAD56B /* Pods_OriginApp.framework in Frameworks */,
			);
			runOnlyForDeploymentPostprocessing = 0;
		};
/* End PBXFrameworksBuildPhase section */

/* Begin PBXGroup section */
		11C59A872A451E5500F97414 = {
			isa = PBXGroup;
			children = (
				11C59A922A451E5500F97414 /* OriginApp */,
				11C59A912A451E5500F97414 /* Products */,
				26EAA508E589AACC11DDA0CB /* Pods */,
				314CFDBC38F2232ACDBD1235 /* Frameworks */,
			);
			sourceTree = "<group>";
		};
		11C59A912A451E5500F97414 /* Products */ = {
			isa = PBXGroup;
			children = (
				11C59A902A451E5500F97414 /* OriginApp.app */,
			);
			name = Products;
			sourceTree = "<group>";
		};
		11C59A922A451E5500F97414 /* OriginApp */ = {
			isa = PBXGroup;
			children = (
				11C59A932A451E5500F97414 /* AppDelegate.swift */,
				11C59A952A451E5500F97414 /* SceneDelegate.swift */,
				11C59A972A451E5500F97414 /* ViewController.swift */,
				11C59AA72A45459800F97414 /* ResultListTableViewCell.swift */,
				11C59AA82A45459800F97414 /* ResultListTableViewCell.xib */,
				11C59A992A451E5500F97414 /* Main.storyboard */,
				11C59A9C2A451E5700F97414 /* Assets.xcassets */,
				11C59A9E2A451E5700F97414 /* LaunchScreen.storyboard */,
				11C59AA12A451E5700F97414 /* Info.plist */,
			);
			path = OriginApp;
			sourceTree = "<group>";
		};
		26EAA508E589AACC11DDA0CB /* Pods */ = {
			isa = PBXGroup;
			children = (
				A6B5F78D4A53408CB48EB2D4 /* Pods-OriginApp.debug.xcconfig */,
				7B039A2DB69423166A44D82F /* Pods-OriginApp.release.xcconfig */,
			);
			path = Pods;
			sourceTree = "<group>";
		};
		314CFDBC38F2232ACDBD1235 /* Frameworks */ = {
			isa = PBXGroup;
			children = (
				0FB7C6F2597B5C56F380E129 /* Pods_OriginApp.framework */,
			);
			name = Frameworks;
			sourceTree = "<group>";
		};
/* End PBXGroup section */

/* Begin PBXNativeTarget section */
		11C59A8F2A451E5500F97414 /* OriginApp */ = {
			isa = PBXNativeTarget;
			buildConfigurationList = 11C59AA42A451E5700F97414 /* Build configuration list for PBXNativeTarget "OriginApp" */;
			buildPhases = (
				FFC67C7BF4EA5637CD59FD3B /* [CP] Check Pods Manifest.lock */,
				11C59A8C2A451E5500F97414 /* Sources */,
				11C59A8D2A451E5500F97414 /* Frameworks */,
				11C59A8E2A451E5500F97414 /* Resources */,
				6C264DB1B9A6623332AB309A /* [CP] Embed Pods Frameworks */,
			);
			buildRules = (
			);
			dependencies = (
			);
			name = OriginApp;
			productName = OriginApp;
			productReference = 11C59A902A451E5500F97414 /* OriginApp.app */;
			productType = "com.apple.product-type.application";
		};
/* End PBXNativeTarget section */

/* Begin PBXProject section */
		11C59A882A451E5500F97414 /* Project object */ = {
			isa = PBXProject;
			attributes = {
				BuildIndependentTargetsInParallel = 1;
				LastSwiftUpdateCheck = 1430;
				LastUpgradeCheck = 1430;
				TargetAttributes = {
					11C59A8F2A451E5500F97414 = {
						CreatedOnToolsVersion = 14.3;
					};
				};
			};
			buildConfigurationList = 11C59A8B2A451E5500F97414 /* Build configuration list for PBXProject "OriginApp" */;
			compatibilityVersion = "Xcode 14.0";
			developmentRegion = en;
			hasScannedForEncodings = 0;
			knownRegions = (
				en,
				Base,
			);
			mainGroup = 11C59A872A451E5500F97414;
			productRefGroup = 11C59A912A451E5500F97414 /* Products */;
			projectDirPath = "";
			projectRoot = "";
			targets = (
				11C59A8F2A451E5500F97414 /* OriginApp */,
			);
		};
/* End PBXProject section */

/* Begin PBXResourcesBuildPhase section */
		11C59A8E2A451E5500F97414 /* Resources */ = {
			isa = PBXResourcesBuildPhase;
			buildActionMask = 2147483647;
			files = (
				11C59AA02A451E5700F97414 /* LaunchScreen.storyboard in Resources */,
				11C59A9D2A451E5700F97414 /* Assets.xcassets in Resources */,
				11C59AAA2A45459800F97414 /* ResultListTableViewCell.xib in Resources */,
				11C59A9B2A451E5500F97414 /* Main.storyboard in Resources */,
			);
			runOnlyForDeploymentPostprocessing = 0;
		};
/* End PBXResourcesBuildPhase section */

/* Begin PBXShellScriptBuildPhase section */
		6C264DB1B9A6623332AB309A /* [CP] Embed Pods Frameworks */ = {
			isa = PBXShellScriptBuildPhase;
			buildActionMask = 2147483647;
			files = (
			);
			inputFileListPaths = (
				"${PODS_ROOT}/Target Support Files/Pods-OriginApp/Pods-OriginApp-frameworks-${CONFIGURATION}-input-files.xcfilelist",
			);
			name = "[CP] Embed Pods Frameworks";
			outputFileListPaths = (
				"${PODS_ROOT}/Target Support Files/Pods-OriginApp/Pods-OriginApp-frameworks-${CONFIGURATION}-output-files.xcfilelist",
			);
			runOnlyForDeploymentPostprocessing = 0;
			shellPath = /bin/sh;
			shellScript = "\"${PODS_ROOT}/Target Support Files/Pods-OriginApp/Pods-OriginApp-frameworks.sh\"\n";
			showEnvVarsInLog = 0;
		};
		FFC67C7BF4EA5637CD59FD3B /* [CP] Check Pods Manifest.lock */ = {
			isa = PBXShellScriptBuildPhase;
			buildActionMask = 2147483647;
			files = (
			);
			inputFileListPaths = (
			);
			inputPaths = (
				"${PODS_PODFILE_DIR_PATH}/Podfile.lock",
				"${PODS_ROOT}/Manifest.lock",
			);
			name = "[CP] Check Pods Manifest.lock";
			outputFileListPaths = (
			);
			outputPaths = (
				"$(DERIVED_FILE_DIR)/Pods-OriginApp-checkManifestLockResult.txt",
			);
			runOnlyForDeploymentPostprocessing = 0;
			shellPath = /bin/sh;
			shellScript = "diff \"${PODS_PODFILE_DIR_PATH}/Podfile.lock\" \"${PODS_ROOT}/Manifest.lock\" > /dev/null\nif [ $? != 0 ] ; then\n    # print error to STDERR\n    echo \"error: The sandbox is not in sync with the Podfile.lock. Run 'pod install' or update your CocoaPods installation.\" >&2\n    exit 1\nfi\n# This output is used by Xcode 'outputs' to avoid re-running this script phase.\necho \"SUCCESS\" > \"${SCRIPT_OUTPUT_FILE_0}\"\n";
			showEnvVarsInLog = 0;
		};
/* End PBXShellScriptBuildPhase section */

/* Begin PBXSourcesBuildPhase section */
		11C59A8C2A451E5500F97414 /* Sources */ = {
			isa = PBXSourcesBuildPhase;
			buildActionMask = 2147483647;
			files = (
				11C59A982A451E5500F97414 /* ViewController.swift in Sources */,
				11C59A942A451E5500F97414 /* AppDelegate.swift in Sources */,
				11C59AA92A45459800F97414 /* ResultListTableViewCell.swift in Sources */,
				11C59A962A451E5500F97414 /* SceneDelegate.swift in Sources */,
			);
			runOnlyForDeploymentPostprocessing = 0;
		};
/* End PBXSourcesBuildPhase section */

/* Begin PBXVariantGroup section */
		11C59A992A451E5500F97414 /* Main.storyboard */ = {
			isa = PBXVariantGroup;
			children = (
				11C59A9A2A451E5500F97414 /* Base */,
			);
			name = Main.storyboard;
			sourceTree = "<group>";
		};
		11C59A9E2A451E5700F97414 /* LaunchScreen.storyboard */ = {
			isa = PBXVariantGroup;
			children = (
				11C59A9F2A451E5700F97414 /* Base */,
			);
			name = LaunchScreen.storyboard;
			sourceTree = "<group>";
		};
/* End PBXVariantGroup section */

/* Begin XCBuildConfiguration section */
		11C59AA22A451E5700F97414 /* Debug */ = {
			isa = XCBuildConfiguration;
			buildSettings = {
				ALWAYS_SEARCH_USER_PATHS = NO;
				CLANG_ANALYZER_NONNULL = YES;
				CLANG_ANALYZER_NUMBER_OBJECT_CONVERSION = YES_AGGRESSIVE;
				CLANG_CXX_LANGUAGE_STANDARD = "gnu++20";
				CLANG_ENABLE_MODULES = YES;
				CLANG_ENABLE_OBJC_ARC = YES;
				CLANG_ENABLE_OBJC_WEAK = YES;
				CLANG_WARN_BLOCK_CAPTURE_AUTORELEASING = YES;
				CLANG_WARN_BOOL_CONVERSION = YES;
				CLANG_WARN_COMMA = YES;
				CLANG_WARN_CONSTANT_CONVERSION = YES;
				CLANG_WARN_DEPRECATED_OBJC_IMPLEMENTATIONS = YES;
				CLANG_WARN_DIRECT_OBJC_ISA_USAGE = YES_ERROR;
				CLANG_WARN_DOCUMENTATION_COMMENTS = YES;
				CLANG_WARN_EMPTY_BODY = YES;
				CLANG_WARN_ENUM_CONVERSION = YES;
				CLANG_WARN_INFINITE_RECURSION = YES;
				CLANG_WARN_INT_CONVERSION = YES;
				CLANG_WARN_NON_LITERAL_NULL_CONVERSION = YES;
				CLANG_WARN_OBJC_IMPLICIT_RETAIN_SELF = YES;
				CLANG_WARN_OBJC_LITERAL_CONVERSION = YES;
				CLANG_WARN_OBJC_ROOT_CLASS = YES_ERROR;
				CLANG_WARN_QUOTED_INCLUDE_IN_FRAMEWORK_HEADER = YES;
				CLANG_WARN_RANGE_LOOP_ANALYSIS = YES;
				CLANG_WARN_STRICT_PROTOTYPES = YES;
				CLANG_WARN_SUSPICIOUS_MOVE = YES;
				CLANG_WARN_UNGUARDED_AVAILABILITY = YES_AGGRESSIVE;
				CLANG_WARN_UNREACHABLE_CODE = YES;
				CLANG_WARN__DUPLICATE_METHOD_MATCH = YES;
				COPY_PHASE_STRIP = NO;
				DEBUG_INFORMATION_FORMAT = dwarf;
				ENABLE_STRICT_OBJC_MSGSEND = YES;
				ENABLE_TESTABILITY = YES;
				GCC_C_LANGUAGE_STANDARD = gnu11;
				GCC_DYNAMIC_NO_PIC = NO;
				GCC_NO_COMMON_BLOCKS = YES;
				GCC_OPTIMIZATION_LEVEL = 0;
				GCC_PREPROCESSOR_DEFINITIONS = (
					"DEBUG=1",
					"$(inherited)",
				);
				GCC_WARN_64_TO_32_BIT_CONVERSION = YES;
				GCC_WARN_ABOUT_RETURN_TYPE = YES_ERROR;
				GCC_WARN_UNDECLARED_SELECTOR = YES;
				GCC_WARN_UNINITIALIZED_AUTOS = YES_AGGRESSIVE;
				GCC_WARN_UNUSED_FUNCTION = YES;
				GCC_WARN_UNUSED_VARIABLE = YES;
				IPHONEOS_DEPLOYMENT_TARGET = 16.4;
				MTL_ENABLE_DEBUG_INFO = INCLUDE_SOURCE;
				MTL_FAST_MATH = YES;
				ONLY_ACTIVE_ARCH = YES;
				SDKROOT = iphoneos;
				SWIFT_ACTIVE_COMPILATION_CONDITIONS = DEBUG;
				SWIFT_OPTIMIZATION_LEVEL = "-Onone";
			};
			name = Debug;
		};
		11C59AA32A451E5700F97414 /* Release */ = {
			isa = XCBuildConfiguration;
			buildSettings = {
				ALWAYS_SEARCH_USER_PATHS = NO;
				CLANG_ANALYZER_NONNULL = YES;
				CLANG_ANALYZER_NUMBER_OBJECT_CONVERSION = YES_AGGRESSIVE;
				CLANG_CXX_LANGUAGE_STANDARD = "gnu++20";
				CLANG_ENABLE_MODULES = YES;
				CLANG_ENABLE_OBJC_ARC = YES;
				CLANG_ENABLE_OBJC_WEAK = YES;
				CLANG_WARN_BLOCK_CAPTURE_AUTORELEASING = YES;
				CLANG_WARN_BOOL_CONVERSION = YES;
				CLANG_WARN_COMMA = YES;
				CLANG_WARN_CONSTANT_CONVERSION = YES;
				CLANG_WARN_DEPRECATED_OBJC_IMPLEMENTATIONS = YES;
				CLANG_WARN_DIRECT_OBJC_ISA_USAGE = YES_ERROR;
				CLANG_WARN_DOCUMENTATION_COMMENTS = YES;
				CLANG_WARN_EMPTY_BODY = YES;
				CLANG_WARN_ENUM_CONVERSION = YES;
				CLANG_WARN_INFINITE_RECURSION = YES;
				CLANG_WARN_INT_CONVERSION = YES;
				CLANG_WARN_NON_LITERAL_NULL_CONVERSION = YES;
				CLANG_WARN_OBJC_IMPLICIT_RETAIN_SELF = YES;
				CLANG_WARN_OBJC_LITERAL_CONVERSION = YES;
				CLANG_WARN_OBJC_ROOT_CLASS = YES_ERROR;
				CLANG_WARN_QUOTED_INCLUDE_IN_FRAMEWORK_HEADER = YES;
				CLANG_WARN_RANGE_LOOP_ANALYSIS = YES;
				CLANG_WARN_STRICT_PROTOTYPES = YES;
				CLANG_WARN_SUSPICIOUS_MOVE = YES;
				CLANG_WARN_UNGUARDED_AVAILABILITY = YES_AGGRESSIVE;
				CLANG_WARN_UNREACHABLE_CODE = YES;
				CLANG_WARN__DUPLICATE_METHOD_MATCH = YES;
				COPY_PHASE_STRIP = NO;
				DEBUG_INFORMATION_FORMAT = "dwarf-with-dsym";
				ENABLE_NS_ASSERTIONS = NO;
				ENABLE_STRICT_OBJC_MSGSEND = YES;
				GCC_C_LANGUAGE_STANDARD = gnu11;
				GCC_NO_COMMON_BLOCKS = YES;
				GCC_WARN_64_TO_32_BIT_CONVERSION = YES;
				GCC_WARN_ABOUT_RETURN_TYPE = YES_ERROR;
				GCC_WARN_UNDECLARED_SELECTOR = YES;
				GCC_WARN_UNINITIALIZED_AUTOS = YES_AGGRESSIVE;
				GCC_WARN_UNUSED_FUNCTION = YES;
				GCC_WARN_UNUSED_VARIABLE = YES;
				IPHONEOS_DEPLOYMENT_TARGET = 16.4;
				MTL_ENABLE_DEBUG_INFO = NO;
				MTL_FAST_MATH = YES;
				SDKROOT = iphoneos;
				SWIFT_COMPILATION_MODE = wholemodule;
				SWIFT_OPTIMIZATION_LEVEL = "-O";
				VALIDATE_PRODUCT = YES;
			};
			name = Release;
		};
		11C59AA52A451E5700F97414 /* Debug */ = {
			isa = XCBuildConfiguration;
			baseConfigurationReference = A6B5F78D4A53408CB48EB2D4 /* Pods-OriginApp.debug.xcconfig */;
			buildSettings = {
				ASSETCATALOG_COMPILER_APPICON_NAME = AppIcon;
				ASSETCATALOG_COMPILER_GLOBAL_ACCENT_COLOR_NAME = AccentColor;
				CODE_SIGN_STYLE = Automatic;
				CURRENT_PROJECT_VERSION = 1;
				DEVELOPMENT_TEAM = N9NG6ADM27;
				GENERATE_INFOPLIST_FILE = YES;
				INFOPLIST_FILE = OriginApp/Info.plist;
				INFOPLIST_KEY_UIApplicationSupportsIndirectInputEvents = YES;
				INFOPLIST_KEY_UILaunchStoryboardName = LaunchScreen;
				INFOPLIST_KEY_UIMainStoryboardFile = Main;
				INFOPLIST_KEY_UISupportedInterfaceOrientations = UIInterfaceOrientationPortrait;
				INFOPLIST_KEY_UISupportedInterfaceOrientations_iPad = "UIInterfaceOrientationLandscapeLeft UIInterfaceOrientationLandscapeRight UIInterfaceOrientationPortrait UIInterfaceOrientationPortraitUpsideDown";
				IPHONEOS_DEPLOYMENT_TARGET = 16.1;
				LD_RUNPATH_SEARCH_PATHS = (
					"$(inherited)",
					"@executable_path/Frameworks",
				);
				MARKETING_VERSION = 1.0;
				PRODUCT_BUNDLE_IDENTIFIER = jp.techacademy.hiromu.naitou.OriginApp;
				PRODUCT_NAME = "$(TARGET_NAME)";
				SUPPORTED_PLATFORMS = "iphoneos iphonesimulator";
				SUPPORTS_MACCATALYST = NO;
				SUPPORTS_MAC_DESIGNED_FOR_IPHONE_IPAD = NO;
				SWIFT_EMIT_LOC_STRINGS = YES;
				SWIFT_VERSION = 5.0;
				TARGETED_DEVICE_FAMILY = 1;
			};
			name = Debug;
		};
		11C59AA62A451E5700F97414 /* Release */ = {
			isa = XCBuildConfiguration;
			baseConfigurationReference = 7B039A2DB69423166A44D82F /* Pods-OriginApp.release.xcconfig */;
			buildSettings = {
				ASSETCATALOG_COMPILER_APPICON_NAME = AppIcon;
				ASSETCATALOG_COMPILER_GLOBAL_ACCENT_COLOR_NAME = AccentColor;
				CODE_SIGN_STYLE = Automatic;
				CURRENT_PROJECT_VERSION = 1;
				DEVELOPMENT_TEAM = N9NG6ADM27;
				GENERATE_INFOPLIST_FILE = YES;
				INFOPLIST_FILE = OriginApp/Info.plist;
				INFOPLIST_KEY_UIApplicationSupportsIndirectInputEvents = YES;
				INFOPLIST_KEY_UILaunchStoryboardName = LaunchScreen;
				INFOPLIST_KEY_UIMainStoryboardFile = Main;
				INFOPLIST_KEY_UISupportedInterfaceOrientations = UIInterfaceOrientationPortrait;
				INFOPLIST_KEY_UISupportedInterfaceOrientations_iPad = "UIInterfaceOrientationLandscapeLeft UIInterfaceOrientationLandscapeRight UIInterfaceOrientationPortrait UIInterfaceOrientationPortraitUpsideDown";
				IPHONEOS_DEPLOYMENT_TARGET = 16.1;
				LD_RUNPATH_SEARCH_PATHS = (
					"$(inherited)",
					"@executable_path/Frameworks",
				);
				MARKETING_VERSION = 1.0;
				PRODUCT_BUNDLE_IDENTIFIER = jp.techacademy.hiromu.naitou.OriginApp;
				PRODUCT_NAME = "$(TARGET_NAME)";
				SUPPORTED_PLATFORMS = "iphoneos iphonesimulator";
				SUPPORTS_MACCATALYST = NO;
				SUPPORTS_MAC_DESIGNED_FOR_IPHONE_IPAD = NO;
				SWIFT_EMIT_LOC_STRINGS = YES;
				SWIFT_VERSION = 5.0;
				TARGETED_DEVICE_FAMILY = 1;
			};
			name = Release;
		};
/* End XCBuildConfiguration section */

/* Begin XCConfigurationList section */
		11C59A8B2A451E5500F97414 /* Build configuration list for PBXProject "OriginApp" */ = {
			isa = XCConfigurationList;
			buildConfigurations = (
				11C59AA22A451E5700F97414 /* Debug */,
				11C59AA32A451E5700F97414 /* Release */,
			);
			defaultConfigurationIsVisible = 0;
			defaultConfigurationName = Release;
		};
		11C59AA42A451E5700F97414 /* Build configuration list for PBXNativeTarget "OriginApp" */ = {
			isa = XCConfigurationList;
			buildConfigurations = (
				11C59AA52A451E5700F97414 /* Debug */,
				11C59AA62A451E5700F97414 /* Release */,
			);
			defaultConfigurationIsVisible = 0;
			defaultConfigurationName = Release;
		};
/* End XCConfigurationList section */
	};
	rootObject = 11C59A882A451E5500F97414 /* Project object */;
}
